// !$*UTF8*$!
{
	archiveVersion = 1;
	classes = {
	};
	objectVersion = 46;
	objects = {

/* Begin PBXBuildFile section */
		D8149E7E1A5C9D4300D01B9E /* main.scpt in Resources */ = {isa = PBXBuildFile; fileRef = D8149E7D1A5C9D4300D01B9E /* main.scpt */; };
		D82061E51A5B8B5700DA1C03 /* convertISO.scpt in Resources */ = {isa = PBXBuildFile; fileRef = D82061E31A5B8B5700DA1C03 /* convertISO.scpt */; };
		D86F035E1A66CE8200AE88E0 /* Media.xcassets in Resources */ = {isa = PBXBuildFile; fileRef = D86F035D1A66CE8200AE88E0 /* Media.xcassets */; };
		D88F90241A5A08E8005BDC8A /* AppDelegate.m in Sources */ = {isa = PBXBuildFile; fileRef = D88F90231A5A08E8005BDC8A /* AppDelegate.m */; };
		D88F90261A5A08E8005BDC8A /* main.m in Sources */ = {isa = PBXBuildFile; fileRef = D88F90251A5A08E8005BDC8A /* main.m */; };
		D88F90291A5A08E8005BDC8A /* ViewController.m in Sources */ = {isa = PBXBuildFile; fileRef = D88F90281A5A08E8005BDC8A /* ViewController.m */; };
		D88F902E1A5A08E8005BDC8A /* Main.storyboard in Resources */ = {isa = PBXBuildFile; fileRef = D88F902C1A5A08E8005BDC8A /* Main.storyboard */; };
		D88F903A1A5A08E8005BDC8A /* BootMacTests.m in Sources */ = {isa = PBXBuildFile; fileRef = D88F90391A5A08E8005BDC8A /* BootMacTests.m */; };
		D88F90451A5B3629005BDC8A /* unmountDisk.scpt in Resources */ = {isa = PBXBuildFile; fileRef = D88F90441A5B3629005BDC8A /* unmountDisk.scpt */; };
/* End PBXBuildFile section */

/* Begin PBXContainerItemProxy section */
		D88F90341A5A08E8005BDC8A /* PBXContainerItemProxy */ = {
			isa = PBXContainerItemProxy;
			containerPortal = D88F90151A5A08E7005BDC8A /* Project object */;
			proxyType = 1;
			remoteGlobalIDString = D88F901C1A5A08E7005BDC8A;
			remoteInfo = BootMac;
		};
/* End PBXContainerItemProxy section */

/* Begin PBXFileReference section */
		D8149E7D1A5C9D4300D01B9E /* main.scpt */ = {isa = PBXFileReference; fileEncoding = 4; lastKnownFileType = text; path = main.scpt; sourceTree = "<group>"; };
		D82061E31A5B8B5700DA1C03 /* convertISO.scpt */ = {isa = PBXFileReference; fileEncoding = 4; lastKnownFileType = text; path = convertISO.scpt; sourceTree = "<group>"; };
		D86F035D1A66CE8200AE88E0 /* Media.xcassets */ = {isa = PBXFileReference; lastKnownFileType = folder.assetcatalog; path = Media.xcassets; sourceTree = "<group>"; };
		D88F901D1A5A08E8005BDC8A /* BootMac.app */ = {isa = PBXFileReference; explicitFileType = wrapper.application; includeInIndex = 0; path = BootMac.app; sourceTree = BUILT_PRODUCTS_DIR; };
		D88F90211A5A08E8005BDC8A /* Info.plist */ = {isa = PBXFileReference; lastKnownFileType = text.plist.xml; path = Info.plist; sourceTree = "<group>"; };
		D88F90221A5A08E8005BDC8A /* AppDelegate.h */ = {isa = PBXFileReference; lastKnownFileType = sourcecode.c.h; path = AppDelegate.h; sourceTree = "<group>"; };
		D88F90231A5A08E8005BDC8A /* AppDelegate.m */ = {isa = PBXFileReference; lastKnownFileType = sourcecode.c.objc; path = AppDelegate.m; sourceTree = "<group>"; };
		D88F90251A5A08E8005BDC8A /* main.m */ = {isa = PBXFileReference; lastKnownFileType = sourcecode.c.objc; path = main.m; sourceTree = "<group>"; };
		D88F90271A5A08E8005BDC8A /* ViewController.h */ = {isa = PBXFileReference; lastKnownFileType = sourcecode.c.h; path = ViewController.h; sourceTree = "<group>"; };
		D88F90281A5A08E8005BDC8A /* ViewController.m */ = {isa = PBXFileReference; lastKnownFileType = sourcecode.c.objc; path = ViewController.m; sourceTree = "<group>"; };
		D88F902D1A5A08E8005BDC8A /* Base */ = {isa = PBXFileReference; lastKnownFileType = file.storyboard; name = Base; path = Base.lproj/Main.storyboard; sourceTree = "<group>"; };
		D88F90331A5A08E8005BDC8A /* BootMacTests.xctest */ = {isa = PBXFileReference; explicitFileType = wrapper.cfbundle; includeInIndex = 0; path = BootMacTests.xctest; sourceTree = BUILT_PRODUCTS_DIR; };
		D88F90381A5A08E8005BDC8A /* Info.plist */ = {isa = PBXFileReference; lastKnownFileType = text.plist.xml; path = Info.plist; sourceTree = "<group>"; };
		D88F90391A5A08E8005BDC8A /* BootMacTests.m */ = {isa = PBXFileReference; lastKnownFileType = sourcecode.c.objc; path = BootMacTests.m; sourceTree = "<group>"; };
		D88F90441A5B3629005BDC8A /* unmountDisk.scpt */ = {isa = PBXFileReference; fileEncoding = 4; lastKnownFileType = text; name = unmountDisk.scpt; path = Resources/unmountDisk.scpt; sourceTree = "<group>"; };
/* End PBXFileReference section */

/* Begin PBXFrameworksBuildPhase section */
		D88F901A1A5A08E7005BDC8A /* Frameworks */ = {
			isa = PBXFrameworksBuildPhase;
			buildActionMask = 2147483647;
			files = (
			);
			runOnlyForDeploymentPostprocessing = 0;
		};
		D88F90301A5A08E8005BDC8A /* Frameworks */ = {
			isa = PBXFrameworksBuildPhase;
			buildActionMask = 2147483647;
			files = (
			);
			runOnlyForDeploymentPostprocessing = 0;
		};
/* End PBXFrameworksBuildPhase section */

/* Begin PBXGroup section */
		D88F90141A5A08E7005BDC8A = {
			isa = PBXGroup;
			children = (
				D86F035D1A66CE8200AE88E0 /* Media.xcassets */,
				D88F901F1A5A08E8005BDC8A /* BootMac */,
				D88F90361A5A08E8005BDC8A /* BootMacTests */,
				D88F901E1A5A08E8005BDC8A /* Products */,
			);
			sourceTree = "<group>";
		};
		D88F901E1A5A08E8005BDC8A /* Products */ = {
			isa = PBXGroup;
			children = (
				D88F901D1A5A08E8005BDC8A /* BootMac.app */,
				D88F90331A5A08E8005BDC8A /* BootMacTests.xctest */,
			);
			name = Products;
			sourceTree = "<group>";
		};
		D88F901F1A5A08E8005BDC8A /* BootMac */ = {
			isa = PBXGroup;
			children = (
				D88F90431A5B360B005BDC8A /* Resources */,
				D88F90221A5A08E8005BDC8A /* AppDelegate.h */,
				D88F90231A5A08E8005BDC8A /* AppDelegate.m */,
				D88F90271A5A08E8005BDC8A /* ViewController.h */,
				D88F90281A5A08E8005BDC8A /* ViewController.m */,
				D88F902C1A5A08E8005BDC8A /* Main.storyboard */,
				D88F90201A5A08E8005BDC8A /* Supporting Files */,
			);
			path = BootMac;
			sourceTree = "<group>";
		};
		D88F90201A5A08E8005BDC8A /* Supporting Files */ = {
			isa = PBXGroup;
			children = (
				D88F90211A5A08E8005BDC8A /* Info.plist */,
				D88F90251A5A08E8005BDC8A /* main.m */,
			);
			name = "Supporting Files";
			sourceTree = "<group>";
		};
		D88F90361A5A08E8005BDC8A /* BootMacTests */ = {
			isa = PBXGroup;
			children = (
				D88F90391A5A08E8005BDC8A /* BootMacTests.m */,
				D88F90371A5A08E8005BDC8A /* Supporting Files */,
			);
			path = BootMacTests;
			sourceTree = "<group>";
		};
		D88F90371A5A08E8005BDC8A /* Supporting Files */ = {
			isa = PBXGroup;
			children = (
				D88F90381A5A08E8005BDC8A /* Info.plist */,
			);
			name = "Supporting Files";
			sourceTree = "<group>";
		};
		D88F90431A5B360B005BDC8A /* Resources */ = {
			isa = PBXGroup;
			children = (
				D8149E7D1A5C9D4300D01B9E /* main.scpt */,
				D88F90441A5B3629005BDC8A /* unmountDisk.scpt */,
				D82061E31A5B8B5700DA1C03 /* convertISO.scpt */,
			);
			name = Resources;
			sourceTree = "<group>";
		};
/* End PBXGroup section */

/* Begin PBXNativeTarget section */
		D88F901C1A5A08E7005BDC8A /* BootMac */ = {
			isa = PBXNativeTarget;
			buildConfigurationList = D88F903D1A5A08E8005BDC8A /* Build configuration list for PBXNativeTarget "BootMac" */;
			buildPhases = (
				D88F90191A5A08E7005BDC8A /* Sources */,
				D88F901A1A5A08E7005BDC8A /* Frameworks */,
				D88F901B1A5A08E7005BDC8A /* Resources */,
			);
			buildRules = (
			);
			dependencies = (
			);
			name = BootMac;
			productName = BootMac;
			productReference = D88F901D1A5A08E8005BDC8A /* BootMac.app */;
			productType = "com.apple.product-type.application";
		};
		D88F90321A5A08E8005BDC8A /* BootMacTests */ = {
			isa = PBXNativeTarget;
			buildConfigurationList = D88F90401A5A08E8005BDC8A /* Build configuration list for PBXNativeTarget "BootMacTests" */;
			buildPhases = (
				D88F902F1A5A08E8005BDC8A /* Sources */,
				D88F90301A5A08E8005BDC8A /* Frameworks */,
				D88F90311A5A08E8005BDC8A /* Resources */,
			);
			buildRules = (
			);
			dependencies = (
				D88F90351A5A08E8005BDC8A /* PBXTargetDependency */,
			);
			name = BootMacTests;
			productName = BootMacTests;
			productReference = D88F90331A5A08E8005BDC8A /* BootMacTests.xctest */;
			productType = "com.apple.product-type.bundle.unit-test";
		};
/* End PBXNativeTarget section */

/* Begin PBXProject section */
		D88F90151A5A08E7005BDC8A /* Project object */ = {
			isa = PBXProject;
			attributes = {
				LastUpgradeCheck = 0610;
				ORGANIZATIONNAME = "Joseph Diragi";
				TargetAttributes = {
					D88F901C1A5A08E7005BDC8A = {
						CreatedOnToolsVersion = 6.1.1;
					};
					D88F90321A5A08E8005BDC8A = {
						CreatedOnToolsVersion = 6.1.1;
						TestTargetID = D88F901C1A5A08E7005BDC8A;
					};
				};
			};
			buildConfigurationList = D88F90181A5A08E7005BDC8A /* Build configuration list for PBXProject "BootMac" */;
			compatibilityVersion = "Xcode 3.2";
			developmentRegion = English;
			hasScannedForEncodings = 0;
			knownRegions = (
				en,
				Base,
			);
			mainGroup = D88F90141A5A08E7005BDC8A;
			productRefGroup = D88F901E1A5A08E8005BDC8A /* Products */;
			projectDirPath = "";
			projectRoot = "";
			targets = (
				D88F901C1A5A08E7005BDC8A /* BootMac */,
				D88F90321A5A08E8005BDC8A /* BootMacTests */,
			);
		};
/* End PBXProject section */

/* Begin PBXResourcesBuildPhase section */
		D88F901B1A5A08E7005BDC8A /* Resources */ = {
			isa = PBXResourcesBuildPhase;
			buildActionMask = 2147483647;
			files = (
				D88F90451A5B3629005BDC8A /* unmountDisk.scpt in Resources */,
				D88F902E1A5A08E8005BDC8A /* Main.storyboard in Resources */,
				D8149E7E1A5C9D4300D01B9E /* main.scpt in Resources */,
				D86F035E1A66CE8200AE88E0 /* Media.xcassets in Resources */,
				D82061E51A5B8B5700DA1C03 /* convertISO.scpt in Resources */,
			);
			runOnlyForDeploymentPostprocessing = 0;
		};
		D88F90311A5A08E8005BDC8A /* Resources */ = {
			isa = PBXResourcesBuildPhase;
			buildActionMask = 2147483647;
			files = (
			);
			runOnlyForDeploymentPostprocessing = 0;
		};
/* End PBXResourcesBuildPhase section */

/* Begin PBXSourcesBuildPhase section */
		D88F90191A5A08E7005BDC8A /* Sources */ = {
			isa = PBXSourcesBuildPhase;
			buildActionMask = 2147483647;
			files = (
				D88F90291A5A08E8005BDC8A /* ViewController.m in Sources */,
				D88F90261A5A08E8005BDC8A /* main.m in Sources */,
				D88F90241A5A08E8005BDC8A /* AppDelegate.m in Sources */,
			);
			runOnlyForDeploymentPostprocessing = 0;
		};
		D88F902F1A5A08E8005BDC8A /* Sources */ = {
			isa = PBXSourcesBuildPhase;
			buildActionMask = 2147483647;
			files = (
				D88F903A1A5A08E8005BDC8A /* BootMacTests.m in Sources */,
			);
			runOnlyForDeploymentPostprocessing = 0;
		};
/* End PBXSourcesBuildPhase section */

/* Begin PBXTargetDependency section */
		D88F90351A5A08E8005BDC8A /* PBXTargetDependency */ = {
			isa = PBXTargetDependency;
			target = D88F901C1A5A08E7005BDC8A /* BootMac */;
			targetProxy = D88F90341A5A08E8005BDC8A /* PBXContainerItemProxy */;
		};
/* End PBXTargetDependency section */

/* Begin PBXVariantGroup section */
		D88F902C1A5A08E8005BDC8A /* Main.storyboard */ = {
			isa = PBXVariantGroup;
			children = (
				D88F902D1A5A08E8005BDC8A /* Base */,
			);
			name = Main.storyboard;
			sourceTree = "<group>";
		};
/* End PBXVariantGroup section */

/* Begin XCBuildConfiguration section */
		D88F903B1A5A08E8005BDC8A /* Debug */ = {
			isa = XCBuildConfiguration;
			buildSettings = {
				ALWAYS_SEARCH_USER_PATHS = NO;
				CLANG_CXX_LANGUAGE_STANDARD = "gnu++0x";
				CLANG_CXX_LIBRARY = "libc++";
				CLANG_ENABLE_MODULES = YES;
				CLANG_ENABLE_OBJC_ARC = YES;
				CLANG_WARN_BOOL_CONVERSION = YES;
				CLANG_WARN_CONSTANT_CONVERSION = YES;
				CLANG_WARN_DIRECT_OBJC_ISA_USAGE = YES_ERROR;
				CLANG_WARN_EMPTY_BODY = YES;
				CLANG_WARN_ENUM_CONVERSION = YES;
				CLANG_WARN_INT_CONVERSION = YES;
				CLANG_WARN_OBJC_ROOT_CLASS = YES_ERROR;
				CLANG_WARN_UNREACHABLE_CODE = YES;
				CLANG_WARN__DUPLICATE_METHOD_MATCH = YES;
				CODE_SIGN_IDENTITY = "-";
				COPY_PHASE_STRIP = NO;
				ENABLE_STRICT_OBJC_MSGSEND = YES;
				GCC_C_LANGUAGE_STANDARD = gnu99;
				GCC_DYNAMIC_NO_PIC = NO;
				GCC_OPTIMIZATION_LEVEL = 0;
				GCC_PREPROCESSOR_DEFINITIONS = (
					"DEBUG=1",
					"$(inherited)",
				);
				GCC_SYMBOLS_PRIVATE_EXTERN = NO;
				GCC_WARN_64_TO_32_BIT_CONVERSION = YES;
				GCC_WARN_ABOUT_RETURN_TYPE = YES_ERROR;
				GCC_WARN_UNDECLARED_SELECTOR = YES;
				GCC_WARN_UNINITIALIZED_AUTOS = YES_AGGRESSIVE;
				GCC_WARN_UNUSED_FUNCTION = YES;
				GCC_WARN_UNUSED_VARIABLE = YES;
				MACOSX_DEPLOYMENT_TARGET = 10.10;
				MTL_ENABLE_DEBUG_INFO = YES;
				ONLY_ACTIVE_ARCH = YES;
				SDKROOT = macosx;
			};
			name = Debug;
		};
		D88F903C1A5A08E8005BDC8A /* Release */ = {
			isa = XCBuildConfiguration;
			buildSettings = {
				ALWAYS_SEARCH_USER_PATHS = NO;
				CLANG_CXX_LANGUAGE_STANDARD = "gnu++0x";
				CLANG_CXX_LIBRARY = "libc++";
				CLANG_ENABLE_MODULES = YES;
				CLANG_ENABLE_OBJC_ARC = YES;
				CLANG_WARN_BOOL_CONVERSION = YES;
				CLANG_WARN_CONSTANT_CONVERSION = YES;
				CLANG_WARN_DIRECT_OBJC_ISA_USAGE = YES_ERROR;
				CLANG_WARN_EMPTY_BODY = YES;
				CLANG_WARN_ENUM_CONVERSION = YES;
				CLANG_WARN_INT_CONVERSION = YES;
				CLANG_WARN_OBJC_ROOT_CLASS = YES_ERROR;
				CLANG_WARN_UNREACHABLE_CODE = YES;
				CLANG_WARN__DUPLICATE_METHOD_MATCH = YES;
				CODE_SIGN_IDENTITY = "-";
				COPY_PHASE_STRIP = YES;
				DEBUG_INFORMATION_FORMAT = "dwarf-with-dsym";
				ENABLE_NS_ASSERTIONS = NO;
				ENABLE_STRICT_OBJC_MSGSEND = YES;
				GCC_C_LANGUAGE_STANDARD = gnu99;
				GCC_WARN_64_TO_32_BIT_CONVERSION = YES;
				GCC_WARN_ABOUT_RETURN_TYPE = YES_ERROR;
				GCC_WARN_UNDECLARED_SELECTOR = YES;
				GCC_WARN_UNINITIALIZED_AUTOS = YES_AGGRESSIVE;
				GCC_WARN_UNUSED_FUNCTION = YES;
				GCC_WARN_UNUSED_VARIABLE = YES;
				MACOSX_DEPLOYMENT_TARGET = 10.10;
				MTL_ENABLE_DEBUG_INFO = NO;
				SDKROOT = macosx;
			};
			name = Release;
		};
		D88F903E1A5A08E8005BDC8A /* Debug */ = {
			isa = XCBuildConfiguration;
			buildSettings = {
				ASSETCATALOG_COMPILER_APPICON_NAME = AppIcon;
				COMBINE_HIDPI_IMAGES = YES;
				INFOPLIST_FILE = BootMac/Info.plist;
				LD_RUNPATH_SEARCH_PATHS = "$(inherited) @executable_path/../Frameworks";
				PRODUCT_NAME = "$(TARGET_NAME)";
			};
			name = Debug;
		};
		D88F903F1A5A08E8005BDC8A /* Release */ = {
			isa = XCBuildConfiguration;
			buildSettings = {
				ASSETCATALOG_COMPILER_APPICON_NAME = AppIcon;
				COMBINE_HIDPI_IMAGES = YES;
				INFOPLIST_FILE = BootMac/Info.plist;
				LD_RUNPATH_SEARCH_PATHS = "$(inherited) @executable_path/../Frameworks";
				PRODUCT_NAME = "$(TARGET_NAME)";
			};
			name = Release;
		};
		D88F90411A5A08E8005BDC8A /* Debug */ = {
			isa = XCBuildConfiguration;
			buildSettings = {
				BUNDLE_LOADER = "$(TEST_HOST)";
				COMBINE_HIDPI_IMAGES = YES;
				FRAMEWORK_SEARCH_PATHS = (
					"$(DEVELOPER_FRAMEWORKS_DIR)",
					"$(inherited)",
				);
				GCC_PREPROCESSOR_DEFINITIONS = (
					"DEBUG=1",
					"$(inherited)",
				);
				INFOPLIST_FILE = BootMacTests/Info.plist;
				LD_RUNPATH_SEARCH_PATHS = "$(inherited) @executable_path/../Frameworks @loader_path/../Frameworks";
				PRODUCT_NAME = "$(TARGET_NAME)";
				TEST_HOST = "$(BUILT_PRODUCTS_DIR)/BootMac.app/Contents/MacOS/BootMac";
			};
			name = Debug;
		};
		D88F90421A5A08E8005BDC8A /* Release */ = {
			isa = XCBuildConfiguration;
			buildSettings = {
				BUNDLE_LOADER = "$(TEST_HOST)";
				COMBINE_HIDPI_IMAGES = YES;
				FRAMEWORK_SEARCH_PATHS = (
					"$(DEVELOPER_FRAMEWORKS_DIR)",
					"$(inherited)",
				);
				INFOPLIST_FILE = BootMacTests/Info.plist;
				LD_RUNPATH_SEARCH_PATHS = "$(inherited) @executable_path/../Frameworks @loader_path/../Frameworks";
				PRODUCT_NAME = "$(TARGET_NAME)";
				TEST_HOST = "$(BUILT_PRODUCTS_DIR)/BootMac.app/Contents/MacOS/BootMac";
			};
			name = Release;
		};
/* End XCBuildConfiguration section */

/* Begin XCConfigurationList section */
		D88F90181A5A08E7005BDC8A /* Build configuration list for PBXProject "BootMac" */ = {
			isa = XCConfigurationList;
			buildConfigurations = (
				D88F903B1A5A08E8005BDC8A /* Debug */,
				D88F903C1A5A08E8005BDC8A /* Release */,
			);
			defaultConfigurationIsVisible = 0;
			defaultConfigurationName = Release;
		};
		D88F903D1A5A08E8005BDC8A /* Build configuration list for PBXNativeTarget "BootMac" */ = {
			isa = XCConfigurationList;
			buildConfigurations = (
				D88F903E1A5A08E8005BDC8A /* Debug */,
				D88F903F1A5A08E8005BDC8A /* Release */,
			);
			defaultConfigurationIsVisible = 0;
			defaultConfigurationName = Release;
		};
		D88F90401A5A08E8005BDC8A /* Build configuration list for PBXNativeTarget "BootMacTests" */ = {
			isa = XCConfigurationList;
			buildConfigurations = (
				D88F90411A5A08E8005BDC8A /* Debug */,
				D88F90421A5A08E8005BDC8A /* Release */,
			);
			defaultConfigurationIsVisible = 0;
			defaultConfigurationName = Release;
		};
/* End XCConfigurationList section */
	};
	rootObject = D88F90151A5A08E7005BDC8A /* Project object */;
}
